// !$*UTF8*$!
{
	archiveVersion = 1;
	classes = {
	};
	objectVersion = 51;
	objects = {

/* Begin PBXBuildFile section */
		238DF36F09C51F5E8AAB74B5 /* Pods_DitCo2AftrykTests.framework in Frameworks */ = {isa = PBXBuildFile; fileRef = 2C629D9398EC1DD71EDD4D9F /* Pods_DitCo2AftrykTests.framework */; };
		3090D39D3CD7A54955737EE8 /* Pods_DitCo2Aftryk.framework in Frameworks */ = {isa = PBXBuildFile; fileRef = 83A43BF4DD7BE5752062DD36 /* Pods_DitCo2Aftryk.framework */; };
		6C24C45ED7413AD931F6AE6A /* Pods_DitCo2Aftryk_DitCo2AftrykUITests.framework in Frameworks */ = {isa = PBXBuildFile; fileRef = 1BF5FC16E259FAA6BE2C1B89 /* Pods_DitCo2Aftryk_DitCo2AftrykUITests.framework */; };
		992FF4722552E3B1004BFB66 /* CircularProgressBar.swift in Sources */ = {isa = PBXBuildFile; fileRef = 992FF4712552E3B0004BFB66 /* CircularProgressBar.swift */; };
		993624FF2510A4E6002BF468 /* AppDelegate.swift in Sources */ = {isa = PBXBuildFile; fileRef = 993624FE2510A4E6002BF468 /* AppDelegate.swift */; };
		993625012510A4E6002BF468 /* SceneDelegate.swift in Sources */ = {isa = PBXBuildFile; fileRef = 993625002510A4E6002BF468 /* SceneDelegate.swift */; };
		993625032510A4E6002BF468 /* ViewController.swift in Sources */ = {isa = PBXBuildFile; fileRef = 993625022510A4E6002BF468 /* ViewController.swift */; };
		993625062510A4E6002BF468 /* Main.storyboard in Resources */ = {isa = PBXBuildFile; fileRef = 993625042510A4E6002BF468 /* Main.storyboard */; };
		993625092510A4E6002BF468 /* DitCo2Aftryk.xcdatamodeld in Sources */ = {isa = PBXBuildFile; fileRef = 993625072510A4E6002BF468 /* DitCo2Aftryk.xcdatamodeld */; };
		9936250B2510A4E7002BF468 /* Assets.xcassets in Resources */ = {isa = PBXBuildFile; fileRef = 9936250A2510A4E7002BF468 /* Assets.xcassets */; };
		9936250E2510A4E7002BF468 /* LaunchScreen.storyboard in Resources */ = {isa = PBXBuildFile; fileRef = 9936250C2510A4E7002BF468 /* LaunchScreen.storyboard */; };
		993625192510A4E7002BF468 /* DitCo2AftrykTests.swift in Sources */ = {isa = PBXBuildFile; fileRef = 993625182510A4E7002BF468 /* DitCo2AftrykTests.swift */; };
		993625242510A4E7002BF468 /* DitCo2AftrykUITests.swift in Sources */ = {isa = PBXBuildFile; fileRef = 993625232510A4E7002BF468 /* DitCo2AftrykUITests.swift */; };
		993625322510BFAF002BF468 /* SelectCo2ViewController.swift in Sources */ = {isa = PBXBuildFile; fileRef = 993625312510BFAF002BF468 /* SelectCo2ViewController.swift */; };
		99CD0675253ED99600486BC0 /* CarViewController.swift in Sources */ = {isa = PBXBuildFile; fileRef = 99CD0674253ED99600486BC0 /* CarViewController.swift */; };
		99CD067D253EEF3D00486BC0 /* ParentCo2InputVC.swift in Sources */ = {isa = PBXBuildFile; fileRef = 99CD067C253EEF3D00486BC0 /* ParentCo2InputVC.swift */; };
		99CD0685253EF4AA00486BC0 /* ClothesViewController.swift in Sources */ = {isa = PBXBuildFile; fileRef = 99CD0684253EF4AA00486BC0 /* ClothesViewController.swift */; };
		99CD068D254035A900486BC0 /* BusViewController.swift in Sources */ = {isa = PBXBuildFile; fileRef = 99CD068C254035A900486BC0 /* BusViewController.swift */; };
		99CD069525405F9D00486BC0 /* MeatViewController.swift in Sources */ = {isa = PBXBuildFile; fileRef = 99CD069425405F9D00486BC0 /* MeatViewController.swift */; };
		99CD069A25405FAD00486BC0 /* TrainViewController.swift in Sources */ = {isa = PBXBuildFile; fileRef = 99CD069925405FAD00486BC0 /* TrainViewController.swift */; };
		99CD069F25405FBC00486BC0 /* ElViewController.swift in Sources */ = {isa = PBXBuildFile; fileRef = 99CD069E25405FBC00486BC0 /* ElViewController.swift */; };
		99CD06A425405FCB00486BC0 /* PlaneViewController.swift in Sources */ = {isa = PBXBuildFile; fileRef = 99CD06A325405FCB00486BC0 /* PlaneViewController.swift */; };
		99CD06A925405FDA00486BC0 /* HeatingViewController.swift in Sources */ = {isa = PBXBuildFile; fileRef = 99CD06A825405FDA00486BC0 /* HeatingViewController.swift */; };
/* End PBXBuildFile section */

/* Begin PBXContainerItemProxy section */
		993625152510A4E7002BF468 /* PBXContainerItemProxy */ = {
			isa = PBXContainerItemProxy;
			containerPortal = 993624F32510A4E6002BF468 /* Project object */;
			proxyType = 1;
			remoteGlobalIDString = 993624FA2510A4E6002BF468;
			remoteInfo = DitCo2Aftryk;
		};
		993625202510A4E7002BF468 /* PBXContainerItemProxy */ = {
			isa = PBXContainerItemProxy;
			containerPortal = 993624F32510A4E6002BF468 /* Project object */;
			proxyType = 1;
			remoteGlobalIDString = 993624FA2510A4E6002BF468;
			remoteInfo = DitCo2Aftryk;
		};
/* End PBXContainerItemProxy section */

/* Begin PBXFileReference section */
		092A2340521E84D836265589 /* Pods-DitCo2Aftryk.debug.xcconfig */ = {isa = PBXFileReference; includeInIndex = 1; lastKnownFileType = text.xcconfig; name = "Pods-DitCo2Aftryk.debug.xcconfig"; path = "Target Support Files/Pods-DitCo2Aftryk/Pods-DitCo2Aftryk.debug.xcconfig"; sourceTree = "<group>"; };
		1BF5FC16E259FAA6BE2C1B89 /* Pods_DitCo2Aftryk_DitCo2AftrykUITests.framework */ = {isa = PBXFileReference; explicitFileType = wrapper.framework; includeInIndex = 0; path = Pods_DitCo2Aftryk_DitCo2AftrykUITests.framework; sourceTree = BUILT_PRODUCTS_DIR; };
		221FE9590FE5355AA5033333 /* Pods-DitCo2AftrykTests.debug.xcconfig */ = {isa = PBXFileReference; includeInIndex = 1; lastKnownFileType = text.xcconfig; name = "Pods-DitCo2AftrykTests.debug.xcconfig"; path = "Target Support Files/Pods-DitCo2AftrykTests/Pods-DitCo2AftrykTests.debug.xcconfig"; sourceTree = "<group>"; };
		2C629D9398EC1DD71EDD4D9F /* Pods_DitCo2AftrykTests.framework */ = {isa = PBXFileReference; explicitFileType = wrapper.framework; includeInIndex = 0; path = Pods_DitCo2AftrykTests.framework; sourceTree = BUILT_PRODUCTS_DIR; };
		4379774CF46B035B8B689712 /* Pods-DitCo2Aftryk-DitCo2AftrykUITests.debug.xcconfig */ = {isa = PBXFileReference; includeInIndex = 1; lastKnownFileType = text.xcconfig; name = "Pods-DitCo2Aftryk-DitCo2AftrykUITests.debug.xcconfig"; path = "Target Support Files/Pods-DitCo2Aftryk-DitCo2AftrykUITests/Pods-DitCo2Aftryk-DitCo2AftrykUITests.debug.xcconfig"; sourceTree = "<group>"; };
		83A43BF4DD7BE5752062DD36 /* Pods_DitCo2Aftryk.framework */ = {isa = PBXFileReference; explicitFileType = wrapper.framework; includeInIndex = 0; path = Pods_DitCo2Aftryk.framework; sourceTree = BUILT_PRODUCTS_DIR; };
		992FF4712552E3B0004BFB66 /* CircularProgressBar.swift */ = {isa = PBXFileReference; fileEncoding = 4; lastKnownFileType = sourcecode.swift; name = CircularProgressBar.swift; path = "../../../Downloads/d73ad00eed7b3b55784c0d24e9852332-860c72ddd58a70604f3defb40c15d063341aa609/CircularProgressBar.swift"; sourceTree = "<group>"; };
		993624FB2510A4E6002BF468 /* DitCo2Aftryk.app */ = {isa = PBXFileReference; explicitFileType = wrapper.application; includeInIndex = 0; path = DitCo2Aftryk.app; sourceTree = BUILT_PRODUCTS_DIR; };
		993624FE2510A4E6002BF468 /* AppDelegate.swift */ = {isa = PBXFileReference; lastKnownFileType = sourcecode.swift; path = AppDelegate.swift; sourceTree = "<group>"; };
		993625002510A4E6002BF468 /* SceneDelegate.swift */ = {isa = PBXFileReference; lastKnownFileType = sourcecode.swift; path = SceneDelegate.swift; sourceTree = "<group>"; };
		993625022510A4E6002BF468 /* ViewController.swift */ = {isa = PBXFileReference; lastKnownFileType = sourcecode.swift; path = ViewController.swift; sourceTree = "<group>"; };
		993625052510A4E6002BF468 /* Base */ = {isa = PBXFileReference; lastKnownFileType = file.storyboard; name = Base; path = Base.lproj/Main.storyboard; sourceTree = "<group>"; };
		993625082510A4E6002BF468 /* DitCo2Aftryk.xcdatamodel */ = {isa = PBXFileReference; lastKnownFileType = wrapper.xcdatamodel; path = DitCo2Aftryk.xcdatamodel; sourceTree = "<group>"; };
		9936250A2510A4E7002BF468 /* Assets.xcassets */ = {isa = PBXFileReference; lastKnownFileType = folder.assetcatalog; path = Assets.xcassets; sourceTree = "<group>"; };
		9936250D2510A4E7002BF468 /* Base */ = {isa = PBXFileReference; lastKnownFileType = file.storyboard; name = Base; path = Base.lproj/LaunchScreen.storyboard; sourceTree = "<group>"; };
		9936250F2510A4E7002BF468 /* Info.plist */ = {isa = PBXFileReference; lastKnownFileType = text.plist.xml; path = Info.plist; sourceTree = "<group>"; };
		993625142510A4E7002BF468 /* DitCo2AftrykTests.xctest */ = {isa = PBXFileReference; explicitFileType = wrapper.cfbundle; includeInIndex = 0; path = DitCo2AftrykTests.xctest; sourceTree = BUILT_PRODUCTS_DIR; };
		993625182510A4E7002BF468 /* DitCo2AftrykTests.swift */ = {isa = PBXFileReference; lastKnownFileType = sourcecode.swift; path = DitCo2AftrykTests.swift; sourceTree = "<group>"; };
		9936251A2510A4E7002BF468 /* Info.plist */ = {isa = PBXFileReference; lastKnownFileType = text.plist.xml; path = Info.plist; sourceTree = "<group>"; };
		9936251F2510A4E7002BF468 /* DitCo2AftrykUITests.xctest */ = {isa = PBXFileReference; explicitFileType = wrapper.cfbundle; includeInIndex = 0; path = DitCo2AftrykUITests.xctest; sourceTree = BUILT_PRODUCTS_DIR; };
		993625232510A4E7002BF468 /* DitCo2AftrykUITests.swift */ = {isa = PBXFileReference; lastKnownFileType = sourcecode.swift; path = DitCo2AftrykUITests.swift; sourceTree = "<group>"; };
		993625252510A4E7002BF468 /* Info.plist */ = {isa = PBXFileReference; lastKnownFileType = text.plist.xml; path = Info.plist; sourceTree = "<group>"; };
		993625312510BFAF002BF468 /* SelectCo2ViewController.swift */ = {isa = PBXFileReference; lastKnownFileType = sourcecode.swift; path = SelectCo2ViewController.swift; sourceTree = "<group>"; };
		99CD0674253ED99600486BC0 /* CarViewController.swift */ = {isa = PBXFileReference; lastKnownFileType = sourcecode.swift; path = CarViewController.swift; sourceTree = "<group>"; };
		99CD067C253EEF3D00486BC0 /* ParentCo2InputVC.swift */ = {isa = PBXFileReference; lastKnownFileType = sourcecode.swift; path = ParentCo2InputVC.swift; sourceTree = "<group>"; };
		99CD0684253EF4AA00486BC0 /* ClothesViewController.swift */ = {isa = PBXFileReference; lastKnownFileType = sourcecode.swift; path = ClothesViewController.swift; sourceTree = "<group>"; };
		99CD068C254035A900486BC0 /* BusViewController.swift */ = {isa = PBXFileReference; lastKnownFileType = sourcecode.swift; path = BusViewController.swift; sourceTree = "<group>"; };
		99CD069425405F9D00486BC0 /* MeatViewController.swift */ = {isa = PBXFileReference; indentWidth = 4; lastKnownFileType = sourcecode.swift; path = MeatViewController.swift; sourceTree = "<group>"; tabWidth = 4; usesTabs = 0; };
		99CD069925405FAD00486BC0 /* TrainViewController.swift */ = {isa = PBXFileReference; lastKnownFileType = sourcecode.swift; path = TrainViewController.swift; sourceTree = "<group>"; };
		99CD069E25405FBC00486BC0 /* ElViewController.swift */ = {isa = PBXFileReference; lastKnownFileType = sourcecode.swift; path = ElViewController.swift; sourceTree = "<group>"; };
		99CD06A325405FCB00486BC0 /* PlaneViewController.swift */ = {isa = PBXFileReference; lastKnownFileType = sourcecode.swift; path = PlaneViewController.swift; sourceTree = "<group>"; };
		99CD06A825405FDA00486BC0 /* HeatingViewController.swift */ = {isa = PBXFileReference; lastKnownFileType = sourcecode.swift; path = HeatingViewController.swift; sourceTree = "<group>"; };
		9FF23821A9548B73F345E385 /* Pods-DitCo2Aftryk-DitCo2AftrykUITests.release.xcconfig */ = {isa = PBXFileReference; includeInIndex = 1; lastKnownFileType = text.xcconfig; name = "Pods-DitCo2Aftryk-DitCo2AftrykUITests.release.xcconfig"; path = "Target Support Files/Pods-DitCo2Aftryk-DitCo2AftrykUITests/Pods-DitCo2Aftryk-DitCo2AftrykUITests.release.xcconfig"; sourceTree = "<group>"; };
		D166AF888071975C5E4804E4 /* Pods-DitCo2AftrykTests.release.xcconfig */ = {isa = PBXFileReference; includeInIndex = 1; lastKnownFileType = text.xcconfig; name = "Pods-DitCo2AftrykTests.release.xcconfig"; path = "Target Support Files/Pods-DitCo2AftrykTests/Pods-DitCo2AftrykTests.release.xcconfig"; sourceTree = "<group>"; };
		F6C44BFEA6C9C4898C8A0667 /* Pods-DitCo2Aftryk.release.xcconfig */ = {isa = PBXFileReference; includeInIndex = 1; lastKnownFileType = text.xcconfig; name = "Pods-DitCo2Aftryk.release.xcconfig"; path = "Target Support Files/Pods-DitCo2Aftryk/Pods-DitCo2Aftryk.release.xcconfig"; sourceTree = "<group>"; };
/* End PBXFileReference section */

/* Begin PBXFrameworksBuildPhase section */
		993624F82510A4E6002BF468 /* Frameworks */ = {
			isa = PBXFrameworksBuildPhase;
			buildActionMask = 2147483647;
			files = (
				3090D39D3CD7A54955737EE8 /* Pods_DitCo2Aftryk.framework in Frameworks */,
			);
			runOnlyForDeploymentPostprocessing = 0;
		};
		993625112510A4E7002BF468 /* Frameworks */ = {
			isa = PBXFrameworksBuildPhase;
			buildActionMask = 2147483647;
			files = (
				238DF36F09C51F5E8AAB74B5 /* Pods_DitCo2AftrykTests.framework in Frameworks */,
			);
			runOnlyForDeploymentPostprocessing = 0;
		};
		9936251C2510A4E7002BF468 /* Frameworks */ = {
			isa = PBXFrameworksBuildPhase;
			buildActionMask = 2147483647;
			files = (
				6C24C45ED7413AD931F6AE6A /* Pods_DitCo2Aftryk_DitCo2AftrykUITests.framework in Frameworks */,
			);
			runOnlyForDeploymentPostprocessing = 0;
		};
/* End PBXFrameworksBuildPhase section */

/* Begin PBXGroup section */
		5C0F6336BEB847C09B3942BC /* Frameworks */ = {
			isa = PBXGroup;
			children = (
				83A43BF4DD7BE5752062DD36 /* Pods_DitCo2Aftryk.framework */,
				1BF5FC16E259FAA6BE2C1B89 /* Pods_DitCo2Aftryk_DitCo2AftrykUITests.framework */,
				2C629D9398EC1DD71EDD4D9F /* Pods_DitCo2AftrykTests.framework */,
			);
			name = Frameworks;
			sourceTree = "<group>";
		};
		993624F22510A4E6002BF468 = {
			isa = PBXGroup;
			children = (
				993624FD2510A4E6002BF468 /* DitCo2Aftryk */,
				993625172510A4E7002BF468 /* DitCo2AftrykTests */,
				993625222510A4E7002BF468 /* DitCo2AftrykUITests */,
				993624FC2510A4E6002BF468 /* Products */,
				D812FAE5A8ADDDF9E0B70CFF /* Pods */,
				5C0F6336BEB847C09B3942BC /* Frameworks */,
			);
			sourceTree = "<group>";
		};
		993624FC2510A4E6002BF468 /* Products */ = {
			isa = PBXGroup;
			children = (
				993624FB2510A4E6002BF468 /* DitCo2Aftryk.app */,
				993625142510A4E7002BF468 /* DitCo2AftrykTests.xctest */,
				9936251F2510A4E7002BF468 /* DitCo2AftrykUITests.xctest */,
			);
			name = Products;
			sourceTree = "<group>";
		};
		993624FD2510A4E6002BF468 /* DitCo2Aftryk */ = {
			isa = PBXGroup;
			children = (
				993624FE2510A4E6002BF468 /* AppDelegate.swift */,
				993625002510A4E6002BF468 /* SceneDelegate.swift */,
				993625022510A4E6002BF468 /* ViewController.swift */,
				992FF4712552E3B0004BFB66 /* CircularProgressBar.swift */,
				993625312510BFAF002BF468 /* SelectCo2ViewController.swift */,
				99CD067C253EEF3D00486BC0 /* ParentCo2InputVC.swift */,
				99CD0674253ED99600486BC0 /* CarViewController.swift */,
				99CD0684253EF4AA00486BC0 /* ClothesViewController.swift */,
				99CD068C254035A900486BC0 /* BusViewController.swift */,
				99CD069425405F9D00486BC0 /* MeatViewController.swift */,
				99CD069925405FAD00486BC0 /* TrainViewController.swift */,
				99CD069E25405FBC00486BC0 /* ElViewController.swift */,
				99CD06A325405FCB00486BC0 /* PlaneViewController.swift */,
				99CD06A825405FDA00486BC0 /* HeatingViewController.swift */,
				993625042510A4E6002BF468 /* Main.storyboard */,
				9936250A2510A4E7002BF468 /* Assets.xcassets */,
				9936250C2510A4E7002BF468 /* LaunchScreen.storyboard */,
				9936250F2510A4E7002BF468 /* Info.plist */,
				993625072510A4E6002BF468 /* DitCo2Aftryk.xcdatamodeld */,
			);
			path = DitCo2Aftryk;
			sourceTree = "<group>";
		};
		993625172510A4E7002BF468 /* DitCo2AftrykTests */ = {
			isa = PBXGroup;
			children = (
				993625182510A4E7002BF468 /* DitCo2AftrykTests.swift */,
				9936251A2510A4E7002BF468 /* Info.plist */,
			);
			path = DitCo2AftrykTests;
			sourceTree = "<group>";
		};
		993625222510A4E7002BF468 /* DitCo2AftrykUITests */ = {
			isa = PBXGroup;
			children = (
				993625232510A4E7002BF468 /* DitCo2AftrykUITests.swift */,
				993625252510A4E7002BF468 /* Info.plist */,
			);
			path = DitCo2AftrykUITests;
			sourceTree = "<group>";
		};
		D812FAE5A8ADDDF9E0B70CFF /* Pods */ = {
			isa = PBXGroup;
			children = (
				092A2340521E84D836265589 /* Pods-DitCo2Aftryk.debug.xcconfig */,
				F6C44BFEA6C9C4898C8A0667 /* Pods-DitCo2Aftryk.release.xcconfig */,
				4379774CF46B035B8B689712 /* Pods-DitCo2Aftryk-DitCo2AftrykUITests.debug.xcconfig */,
				9FF23821A9548B73F345E385 /* Pods-DitCo2Aftryk-DitCo2AftrykUITests.release.xcconfig */,
				221FE9590FE5355AA5033333 /* Pods-DitCo2AftrykTests.debug.xcconfig */,
				D166AF888071975C5E4804E4 /* Pods-DitCo2AftrykTests.release.xcconfig */,
			);
			path = Pods;
			sourceTree = "<group>";
		};
/* End PBXGroup section */

/* Begin PBXNativeTarget section */
		993624FA2510A4E6002BF468 /* DitCo2Aftryk */ = {
			isa = PBXNativeTarget;
			buildConfigurationList = 993625282510A4E7002BF468 /* Build configuration list for PBXNativeTarget "DitCo2Aftryk" */;
			buildPhases = (
				6A0F715F8751D23F3AF8CB3F /* [CP] Check Pods Manifest.lock */,
				993624F72510A4E6002BF468 /* Sources */,
				993624F82510A4E6002BF468 /* Frameworks */,
				993624F92510A4E6002BF468 /* Resources */,
				A6A42C16A9A792871D3C7F3D /* [CP] Embed Pods Frameworks */,
			);
			buildRules = (
			);
			dependencies = (
			);
			name = DitCo2Aftryk;
			productName = DitCo2Aftryk;
			productReference = 993624FB2510A4E6002BF468 /* DitCo2Aftryk.app */;
			productType = "com.apple.product-type.application";
		};
		993625132510A4E7002BF468 /* DitCo2AftrykTests */ = {
			isa = PBXNativeTarget;
			buildConfigurationList = 9936252B2510A4E7002BF468 /* Build configuration list for PBXNativeTarget "DitCo2AftrykTests" */;
			buildPhases = (
				66CA5C34C35BA8CC555F606C /* [CP] Check Pods Manifest.lock */,
				993625102510A4E7002BF468 /* Sources */,
				993625112510A4E7002BF468 /* Frameworks */,
				993625122510A4E7002BF468 /* Resources */,
			);
			buildRules = (
			);
			dependencies = (
				993625162510A4E7002BF468 /* PBXTargetDependency */,
			);
			name = DitCo2AftrykTests;
			productName = DitCo2AftrykTests;
			productReference = 993625142510A4E7002BF468 /* DitCo2AftrykTests.xctest */;
			productType = "com.apple.product-type.bundle.unit-test";
		};
		9936251E2510A4E7002BF468 /* DitCo2AftrykUITests */ = {
			isa = PBXNativeTarget;
			buildConfigurationList = 9936252E2510A4E7002BF468 /* Build configuration list for PBXNativeTarget "DitCo2AftrykUITests" */;
			buildPhases = (
				FD812957C6626113839925D0 /* [CP] Check Pods Manifest.lock */,
				9936251B2510A4E7002BF468 /* Sources */,
				9936251C2510A4E7002BF468 /* Frameworks */,
				9936251D2510A4E7002BF468 /* Resources */,
				E9E836D388CF817BF52D6983 /* [CP] Embed Pods Frameworks */,
			);
			buildRules = (
			);
			dependencies = (
				993625212510A4E7002BF468 /* PBXTargetDependency */,
			);
			name = DitCo2AftrykUITests;
			productName = DitCo2AftrykUITests;
			productReference = 9936251F2510A4E7002BF468 /* DitCo2AftrykUITests.xctest */;
			productType = "com.apple.product-type.bundle.ui-testing";
		};
/* End PBXNativeTarget section */

/* Begin PBXProject section */
		993624F32510A4E6002BF468 /* Project object */ = {
			isa = PBXProject;
			attributes = {
				LastSwiftUpdateCheck = 1170;
				LastUpgradeCheck = 1200;
				ORGANIZATIONNAME = "Sacha Behrend";
				TargetAttributes = {
					993624FA2510A4E6002BF468 = {
						CreatedOnToolsVersion = 11.7;
					};
					993625132510A4E7002BF468 = {
						CreatedOnToolsVersion = 11.7;
						TestTargetID = 993624FA2510A4E6002BF468;
					};
					9936251E2510A4E7002BF468 = {
						CreatedOnToolsVersion = 11.7;
						TestTargetID = 993624FA2510A4E6002BF468;
					};
				};
			};
			buildConfigurationList = 993624F62510A4E6002BF468 /* Build configuration list for PBXProject "DitCo2Aftryk" */;
			compatibilityVersion = "Xcode 9.3";
			developmentRegion = en;
			hasScannedForEncodings = 0;
			knownRegions = (
				en,
				Base,
			);
			mainGroup = 993624F22510A4E6002BF468;
			productRefGroup = 993624FC2510A4E6002BF468 /* Products */;
			projectDirPath = "";
			projectRoot = "";
			targets = (
				993624FA2510A4E6002BF468 /* DitCo2Aftryk */,
				993625132510A4E7002BF468 /* DitCo2AftrykTests */,
				9936251E2510A4E7002BF468 /* DitCo2AftrykUITests */,
			);
		};
/* End PBXProject section */

/* Begin PBXResourcesBuildPhase section */
		993624F92510A4E6002BF468 /* Resources */ = {
			isa = PBXResourcesBuildPhase;
			buildActionMask = 2147483647;
			files = (
				9936250E2510A4E7002BF468 /* LaunchScreen.storyboard in Resources */,
				9936250B2510A4E7002BF468 /* Assets.xcassets in Resources */,
				993625062510A4E6002BF468 /* Main.storyboard in Resources */,
			);
			runOnlyForDeploymentPostprocessing = 0;
		};
		993625122510A4E7002BF468 /* Resources */ = {
			isa = PBXResourcesBuildPhase;
			buildActionMask = 2147483647;
			files = (
			);
			runOnlyForDeploymentPostprocessing = 0;
		};
		9936251D2510A4E7002BF468 /* Resources */ = {
			isa = PBXResourcesBuildPhase;
			buildActionMask = 2147483647;
			files = (
			);
			runOnlyForDeploymentPostprocessing = 0;
		};
/* End PBXResourcesBuildPhase section */

/* Begin PBXShellScriptBuildPhase section */
		66CA5C34C35BA8CC555F606C /* [CP] Check Pods Manifest.lock */ = {
			isa = PBXShellScriptBuildPhase;
			buildActionMask = 2147483647;
			files = (
			);
			inputFileListPaths = (
			);
			inputPaths = (
				"${PODS_PODFILE_DIR_PATH}/Podfile.lock",
				"${PODS_ROOT}/Manifest.lock",
			);
			name = "[CP] Check Pods Manifest.lock";
			outputFileListPaths = (
			);
			outputPaths = (
				"$(DERIVED_FILE_DIR)/Pods-DitCo2AftrykTests-checkManifestLockResult.txt",
			);
			runOnlyForDeploymentPostprocessing = 0;
			shellPath = /bin/sh;
			shellScript = "diff \"${PODS_PODFILE_DIR_PATH}/Podfile.lock\" \"${PODS_ROOT}/Manifest.lock\" > /dev/null\nif [ $? != 0 ] ; then\n    # print error to STDERR\n    echo \"error: The sandbox is not in sync with the Podfile.lock. Run 'pod install' or update your CocoaPods installation.\" >&2\n    exit 1\nfi\n# This output is used by Xcode 'outputs' to avoid re-running this script phase.\necho \"SUCCESS\" > \"${SCRIPT_OUTPUT_FILE_0}\"\n";
			showEnvVarsInLog = 0;
		};
		6A0F715F8751D23F3AF8CB3F /* [CP] Check Pods Manifest.lock */ = {
			isa = PBXShellScriptBuildPhase;
			buildActionMask = 2147483647;
			files = (
			);
			inputFileListPaths = (
			);
			inputPaths = (
				"${PODS_PODFILE_DIR_PATH}/Podfile.lock",
				"${PODS_ROOT}/Manifest.lock",
			);
			name = "[CP] Check Pods Manifest.lock";
			outputFileListPaths = (
			);
			outputPaths = (
				"$(DERIVED_FILE_DIR)/Pods-DitCo2Aftryk-checkManifestLockResult.txt",
			);
			runOnlyForDeploymentPostprocessing = 0;
			shellPath = /bin/sh;
			shellScript = "diff \"${PODS_PODFILE_DIR_PATH}/Podfile.lock\" \"${PODS_ROOT}/Manifest.lock\" > /dev/null\nif [ $? != 0 ] ; then\n    # print error to STDERR\n    echo \"error: The sandbox is not in sync with the Podfile.lock. Run 'pod install' or update your CocoaPods installation.\" >&2\n    exit 1\nfi\n# This output is used by Xcode 'outputs' to avoid re-running this script phase.\necho \"SUCCESS\" > \"${SCRIPT_OUTPUT_FILE_0}\"\n";
			showEnvVarsInLog = 0;
		};
		A6A42C16A9A792871D3C7F3D /* [CP] Embed Pods Frameworks */ = {
			isa = PBXShellScriptBuildPhase;
			buildActionMask = 2147483647;
			files = (
			);
			inputFileListPaths = (
				"${PODS_ROOT}/Target Support Files/Pods-DitCo2Aftryk/Pods-DitCo2Aftryk-frameworks-${CONFIGURATION}-input-files.xcfilelist",
			);
			name = "[CP] Embed Pods Frameworks";
			outputFileListPaths = (
				"${PODS_ROOT}/Target Support Files/Pods-DitCo2Aftryk/Pods-DitCo2Aftryk-frameworks-${CONFIGURATION}-output-files.xcfilelist",
			);
			runOnlyForDeploymentPostprocessing = 0;
			shellPath = /bin/sh;
			shellScript = "\"${PODS_ROOT}/Target Support Files/Pods-DitCo2Aftryk/Pods-DitCo2Aftryk-frameworks.sh\"\n";
			showEnvVarsInLog = 0;
		};
		E9E836D388CF817BF52D6983 /* [CP] Embed Pods Frameworks */ = {
			isa = PBXShellScriptBuildPhase;
			buildActionMask = 2147483647;
			files = (
			);
			inputFileListPaths = (
				"${PODS_ROOT}/Target Support Files/Pods-DitCo2Aftryk-DitCo2AftrykUITests/Pods-DitCo2Aftryk-DitCo2AftrykUITests-frameworks-${CONFIGURATION}-input-files.xcfilelist",
			);
			name = "[CP] Embed Pods Frameworks";
			outputFileListPaths = (
				"${PODS_ROOT}/Target Support Files/Pods-DitCo2Aftryk-DitCo2AftrykUITests/Pods-DitCo2Aftryk-DitCo2AftrykUITests-frameworks-${CONFIGURATION}-output-files.xcfilelist",
			);
			runOnlyForDeploymentPostprocessing = 0;
			shellPath = /bin/sh;
			shellScript = "\"${PODS_ROOT}/Target Support Files/Pods-DitCo2Aftryk-DitCo2AftrykUITests/Pods-DitCo2Aftryk-DitCo2AftrykUITests-frameworks.sh\"\n";
			showEnvVarsInLog = 0;
		};
		FD812957C6626113839925D0 /* [CP] Check Pods Manifest.lock */ = {
			isa = PBXShellScriptBuildPhase;
			buildActionMask = 2147483647;
			files = (
			);
			inputFileListPaths = (
			);
			inputPaths = (
				"${PODS_PODFILE_DIR_PATH}/Podfile.lock",
				"${PODS_ROOT}/Manifest.lock",
			);
			name = "[CP] Check Pods Manifest.lock";
			outputFileListPaths = (
			);
			outputPaths = (
				"$(DERIVED_FILE_DIR)/Pods-DitCo2Aftryk-DitCo2AftrykUITests-checkManifestLockResult.txt",
			);
			runOnlyForDeploymentPostprocessing = 0;
			shellPath = /bin/sh;
			shellScript = "diff \"${PODS_PODFILE_DIR_PATH}/Podfile.lock\" \"${PODS_ROOT}/Manifest.lock\" > /dev/null\nif [ $? != 0 ] ; then\n    # print error to STDERR\n    echo \"error: The sandbox is not in sync with the Podfile.lock. Run 'pod install' or update your CocoaPods installation.\" >&2\n    exit 1\nfi\n# This output is used by Xcode 'outputs' to avoid re-running this script phase.\necho \"SUCCESS\" > \"${SCRIPT_OUTPUT_FILE_0}\"\n";
			showEnvVarsInLog = 0;
		};
/* End PBXShellScriptBuildPhase section */

/* Begin PBXSourcesBuildPhase section */
		993624F72510A4E6002BF468 /* Sources */ = {
			isa = PBXSourcesBuildPhase;
			buildActionMask = 2147483647;
			files = (
				99CD069A25405FAD00486BC0 /* TrainViewController.swift in Sources */,
				99CD069F25405FBC00486BC0 /* ElViewController.swift in Sources */,
				99CD067D253EEF3D00486BC0 /* ParentCo2InputVC.swift in Sources */,
				99CD06A925405FDA00486BC0 /* HeatingViewController.swift in Sources */,
				993625322510BFAF002BF468 /* SelectCo2ViewController.swift in Sources */,
				99CD0675253ED99600486BC0 /* CarViewController.swift in Sources */,
				99CD069525405F9D00486BC0 /* MeatViewController.swift in Sources */,
				993625032510A4E6002BF468 /* ViewController.swift in Sources */,
				993624FF2510A4E6002BF468 /* AppDelegate.swift in Sources */,
				993625012510A4E6002BF468 /* SceneDelegate.swift in Sources */,
				99CD06A425405FCB00486BC0 /* PlaneViewController.swift in Sources */,
				993625092510A4E6002BF468 /* DitCo2Aftryk.xcdatamodeld in Sources */,
				99CD0685253EF4AA00486BC0 /* ClothesViewController.swift in Sources */,
				99CD068D254035A900486BC0 /* BusViewController.swift in Sources */,
				992FF4722552E3B1004BFB66 /* CircularProgressBar.swift in Sources */,
			);
			runOnlyForDeploymentPostprocessing = 0;
		};
		993625102510A4E7002BF468 /* Sources */ = {
			isa = PBXSourcesBuildPhase;
			buildActionMask = 2147483647;
			files = (
				993625192510A4E7002BF468 /* DitCo2AftrykTests.swift in Sources */,
			);
			runOnlyForDeploymentPostprocessing = 0;
		};
		9936251B2510A4E7002BF468 /* Sources */ = {
			isa = PBXSourcesBuildPhase;
			buildActionMask = 2147483647;
			files = (
				993625242510A4E7002BF468 /* DitCo2AftrykUITests.swift in Sources */,
			);
			runOnlyForDeploymentPostprocessing = 0;
		};
/* End PBXSourcesBuildPhase section */

/* Begin PBXTargetDependency section */
		993625162510A4E7002BF468 /* PBXTargetDependency */ = {
			isa = PBXTargetDependency;
			target = 993624FA2510A4E6002BF468 /* DitCo2Aftryk */;
			targetProxy = 993625152510A4E7002BF468 /* PBXContainerItemProxy */;
		};
		993625212510A4E7002BF468 /* PBXTargetDependency */ = {
			isa = PBXTargetDependency;
			target = 993624FA2510A4E6002BF468 /* DitCo2Aftryk */;
			targetProxy = 993625202510A4E7002BF468 /* PBXContainerItemProxy */;
		};
/* End PBXTargetDependency section */

/* Begin PBXVariantGroup section */
		993625042510A4E6002BF468 /* Main.storyboard */ = {
			isa = PBXVariantGroup;
			children = (
				993625052510A4E6002BF468 /* Base */,
			);
			name = Main.storyboard;
			sourceTree = "<group>";
		};
		9936250C2510A4E7002BF468 /* LaunchScreen.storyboard */ = {
			isa = PBXVariantGroup;
			children = (
				9936250D2510A4E7002BF468 /* Base */,
			);
			name = LaunchScreen.storyboard;
			sourceTree = "<group>";
		};
/* End PBXVariantGroup section */

/* Begin XCBuildConfiguration section */
		993625262510A4E7002BF468 /* Debug */ = {
			isa = XCBuildConfiguration;
			buildSettings = {
				ALWAYS_SEARCH_USER_PATHS = NO;
				CLANG_ANALYZER_NONNULL = YES;
				CLANG_ANALYZER_NUMBER_OBJECT_CONVERSION = YES_AGGRESSIVE;
				CLANG_CXX_LANGUAGE_STANDARD = "gnu++14";
				CLANG_CXX_LIBRARY = "libc++";
				CLANG_ENABLE_MODULES = YES;
				CLANG_ENABLE_OBJC_ARC = YES;
				CLANG_ENABLE_OBJC_WEAK = YES;
				CLANG_WARN_BLOCK_CAPTURE_AUTORELEASING = YES;
				CLANG_WARN_BOOL_CONVERSION = YES;
				CLANG_WARN_COMMA = YES;
				CLANG_WARN_CONSTANT_CONVERSION = YES;
				CLANG_WARN_DEPRECATED_OBJC_IMPLEMENTATIONS = YES;
				CLANG_WARN_DIRECT_OBJC_ISA_USAGE = YES_ERROR;
				CLANG_WARN_DOCUMENTATION_COMMENTS = YES;
				CLANG_WARN_EMPTY_BODY = YES;
				CLANG_WARN_ENUM_CONVERSION = YES;
				CLANG_WARN_INFINITE_RECURSION = YES;
				CLANG_WARN_INT_CONVERSION = YES;
				CLANG_WARN_NON_LITERAL_NULL_CONVERSION = YES;
				CLANG_WARN_OBJC_IMPLICIT_RETAIN_SELF = YES;
				CLANG_WARN_OBJC_LITERAL_CONVERSION = YES;
				CLANG_WARN_OBJC_ROOT_CLASS = YES_ERROR;
				CLANG_WARN_QUOTED_INCLUDE_IN_FRAMEWORK_HEADER = YES;
				CLANG_WARN_RANGE_LOOP_ANALYSIS = YES;
				CLANG_WARN_STRICT_PROTOTYPES = YES;
				CLANG_WARN_SUSPICIOUS_MOVE = YES;
				CLANG_WARN_UNGUARDED_AVAILABILITY = YES_AGGRESSIVE;
				CLANG_WARN_UNREACHABLE_CODE = YES;
				CLANG_WARN__DUPLICATE_METHOD_MATCH = YES;
				COPY_PHASE_STRIP = NO;
				DEBUG_INFORMATION_FORMAT = dwarf;
				ENABLE_STRICT_OBJC_MSGSEND = YES;
				ENABLE_TESTABILITY = YES;
				GCC_C_LANGUAGE_STANDARD = gnu11;
				GCC_DYNAMIC_NO_PIC = NO;
				GCC_NO_COMMON_BLOCKS = YES;
				GCC_OPTIMIZATION_LEVEL = 0;
				GCC_PREPROCESSOR_DEFINITIONS = (
					"DEBUG=1",
					"$(inherited)",
				);
				GCC_WARN_64_TO_32_BIT_CONVERSION = YES;
				GCC_WARN_ABOUT_RETURN_TYPE = YES_ERROR;
				GCC_WARN_UNDECLARED_SELECTOR = YES;
				GCC_WARN_UNINITIALIZED_AUTOS = YES_AGGRESSIVE;
				GCC_WARN_UNUSED_FUNCTION = YES;
				GCC_WARN_UNUSED_VARIABLE = YES;
				IPHONEOS_DEPLOYMENT_TARGET = 13.7;
				MTL_ENABLE_DEBUG_INFO = INCLUDE_SOURCE;
				MTL_FAST_MATH = YES;
				ONLY_ACTIVE_ARCH = YES;
				SDKROOT = iphoneos;
				SWIFT_ACTIVE_COMPILATION_CONDITIONS = DEBUG;
				SWIFT_OPTIMIZATION_LEVEL = "-Onone";
			};
			name = Debug;
		};
		993625272510A4E7002BF468 /* Release */ = {
			isa = XCBuildConfiguration;
			buildSettings = {
				ALWAYS_SEARCH_USER_PATHS = NO;
				CLANG_ANALYZER_NONNULL = YES;
				CLANG_ANALYZER_NUMBER_OBJECT_CONVERSION = YES_AGGRESSIVE;
				CLANG_CXX_LANGUAGE_STANDARD = "gnu++14";
				CLANG_CXX_LIBRARY = "libc++";
				CLANG_ENABLE_MODULES = YES;
				CLANG_ENABLE_OBJC_ARC = YES;
				CLANG_ENABLE_OBJC_WEAK = YES;
				CLANG_WARN_BLOCK_CAPTURE_AUTORELEASING = YES;
				CLANG_WARN_BOOL_CONVERSION = YES;
				CLANG_WARN_COMMA = YES;
				CLANG_WARN_CONSTANT_CONVERSION = YES;
				CLANG_WARN_DEPRECATED_OBJC_IMPLEMENTATIONS = YES;
				CLANG_WARN_DIRECT_OBJC_ISA_USAGE = YES_ERROR;
				CLANG_WARN_DOCUMENTATION_COMMENTS = YES;
				CLANG_WARN_EMPTY_BODY = YES;
				CLANG_WARN_ENUM_CONVERSION = YES;
				CLANG_WARN_INFINITE_RECURSION = YES;
				CLANG_WARN_INT_CONVERSION = YES;
				CLANG_WARN_NON_LITERAL_NULL_CONVERSION = YES;
				CLANG_WARN_OBJC_IMPLICIT_RETAIN_SELF = YES;
				CLANG_WARN_OBJC_LITERAL_CONVERSION = YES;
				CLANG_WARN_OBJC_ROOT_CLASS = YES_ERROR;
				CLANG_WARN_QUOTED_INCLUDE_IN_FRAMEWORK_HEADER = YES;
				CLANG_WARN_RANGE_LOOP_ANALYSIS = YES;
				CLANG_WARN_STRICT_PROTOTYPES = YES;
				CLANG_WARN_SUSPICIOUS_MOVE = YES;
				CLANG_WARN_UNGUARDED_AVAILABILITY = YES_AGGRESSIVE;
				CLANG_WARN_UNREACHABLE_CODE = YES;
				CLANG_WARN__DUPLICATE_METHOD_MATCH = YES;
				COPY_PHASE_STRIP = NO;
				DEBUG_INFORMATION_FORMAT = "dwarf-with-dsym";
				ENABLE_NS_ASSERTIONS = NO;
				ENABLE_STRICT_OBJC_MSGSEND = YES;
				GCC_C_LANGUAGE_STANDARD = gnu11;
				GCC_NO_COMMON_BLOCKS = YES;
				GCC_WARN_64_TO_32_BIT_CONVERSION = YES;
				GCC_WARN_ABOUT_RETURN_TYPE = YES_ERROR;
				GCC_WARN_UNDECLARED_SELECTOR = YES;
				GCC_WARN_UNINITIALIZED_AUTOS = YES_AGGRESSIVE;
				GCC_WARN_UNUSED_FUNCTION = YES;
				GCC_WARN_UNUSED_VARIABLE = YES;
				IPHONEOS_DEPLOYMENT_TARGET = 13.7;
				MTL_ENABLE_DEBUG_INFO = NO;
				MTL_FAST_MATH = YES;
				SDKROOT = iphoneos;
				SWIFT_COMPILATION_MODE = wholemodule;
				SWIFT_OPTIMIZATION_LEVEL = "-O";
				VALIDATE_PRODUCT = YES;
			};
			name = Release;
		};
		993625292510A4E7002BF468 /* Debug */ = {
			isa = XCBuildConfiguration;
			baseConfigurationReference = 092A2340521E84D836265589 /* Pods-DitCo2Aftryk.debug.xcconfig */;
			buildSettings = {
				ASSETCATALOG_COMPILER_APPICON_NAME = AppIcon;
				CODE_SIGN_STYLE = Automatic;
				DEVELOPMENT_TEAM = G6TSQJ6DQ5;
				INFOPLIST_FILE = DitCo2Aftryk/Info.plist;
				LD_RUNPATH_SEARCH_PATHS = (
					"$(inherited)",
					"@executable_path/Frameworks",
				);
				PRODUCT_BUNDLE_IDENTIFIER = com.snb.DitCo2Aftryk;
				PRODUCT_NAME = "$(TARGET_NAME)";
				SWIFT_VERSION = 5.0;
				TARGETED_DEVICE_FAMILY = "1,2";
			};
			name = Debug;
		};
		9936252A2510A4E7002BF468 /* Release */ = {
			isa = XCBuildConfiguration;
			baseConfigurationReference = F6C44BFEA6C9C4898C8A0667 /* Pods-DitCo2Aftryk.release.xcconfig */;
			buildSettings = {
				ASSETCATALOG_COMPILER_APPICON_NAME = AppIcon;
				CODE_SIGN_STYLE = Automatic;
				DEVELOPMENT_TEAM = G6TSQJ6DQ5;
				INFOPLIST_FILE = DitCo2Aftryk/Info.plist;
				LD_RUNPATH_SEARCH_PATHS = (
					"$(inherited)",
					"@executable_path/Frameworks",
				);
				PRODUCT_BUNDLE_IDENTIFIER = com.snb.DitCo2Aftryk;
				PRODUCT_NAME = "$(TARGET_NAME)";
				SWIFT_VERSION = 5.0;
				TARGETED_DEVICE_FAMILY = "1,2";
			};
			name = Release;
		};
		9936252C2510A4E7002BF468 /* Debug */ = {
			isa = XCBuildConfiguration;
			baseConfigurationReference = 221FE9590FE5355AA5033333 /* Pods-DitCo2AftrykTests.debug.xcconfig */;
			buildSettings = {
				ALWAYS_EMBED_SWIFT_STANDARD_LIBRARIES = YES;
				BUNDLE_LOADER = "$(TEST_HOST)";
				CODE_SIGN_STYLE = Automatic;
				DEVELOPMENT_TEAM = G6TSQJ6DQ5;
				INFOPLIST_FILE = DitCo2AftrykTests/Info.plist;
				IPHONEOS_DEPLOYMENT_TARGET = 13.7;
				LD_RUNPATH_SEARCH_PATHS = (
					"$(inherited)",
					"@executable_path/Frameworks",
					"@loader_path/Frameworks",
				);
				PRODUCT_BUNDLE_IDENTIFIER = com.snb.DitCo2AftrykTests;
				PRODUCT_NAME = "$(TARGET_NAME)";
				SWIFT_VERSION = 5.0;
				TARGETED_DEVICE_FAMILY = "1,2";
				TEST_HOST = "$(BUILT_PRODUCTS_DIR)/DitCo2Aftryk.app/DitCo2Aftryk";
			};
			name = Debug;
		};
		9936252D2510A4E7002BF468 /* Release */ = {
			isa = XCBuildConfiguration;
			baseConfigurationReference = D166AF888071975C5E4804E4 /* Pods-DitCo2AftrykTests.release.xcconfig */;
			buildSettings = {
				ALWAYS_EMBED_SWIFT_STANDARD_LIBRARIES = YES;
				BUNDLE_LOADER = "$(TEST_HOST)";
				CODE_SIGN_STYLE = Automatic;
				DEVELOPMENT_TEAM = G6TSQJ6DQ5;
				INFOPLIST_FILE = DitCo2AftrykTests/Info.plist;
				IPHONEOS_DEPLOYMENT_TARGET = 13.7;
				LD_RUNPATH_SEARCH_PATHS = (
					"$(inherited)",
					"@executable_path/Frameworks",
					"@loader_path/Frameworks",
				);
				PRODUCT_BUNDLE_IDENTIFIER = com.snb.DitCo2AftrykTests;
				PRODUCT_NAME = "$(TARGET_NAME)";
				SWIFT_VERSION = 5.0;
				TARGETED_DEVICE_FAMILY = "1,2";
				TEST_HOST = "$(BUILT_PRODUCTS_DIR)/DitCo2Aftryk.app/DitCo2Aftryk";
			};
			name = Release;
		};
		9936252F2510A4E7002BF468 /* Debug */ = {
			isa = XCBuildConfiguration;
			baseConfigurationReference = 4379774CF46B035B8B689712 /* Pods-DitCo2Aftryk-DitCo2AftrykUITests.debug.xcconfig */;
			buildSettings = {
				ALWAYS_EMBED_SWIFT_STANDARD_LIBRARIES = YES;
				CODE_SIGN_STYLE = Automatic;
				DEVELOPMENT_TEAM = G6TSQJ6DQ5;
				INFOPLIST_FILE = DitCo2AftrykUITests/Info.plist;
				LD_RUNPATH_SEARCH_PATHS = (
					"$(inherited)",
					"@executable_path/Frameworks",
					"@loader_path/Frameworks",
				);
				PRODUCT_BUNDLE_IDENTIFIER = com.snb.DitCo2AftrykUITests;
				PRODUCT_NAME = "$(TARGET_NAME)";
				SWIFT_VERSION = 5.0;
				TARGETED_DEVICE_FAMILY = "1,2";
				TEST_TARGET_NAME = DitCo2Aftryk;
			};
			name = Debug;
		};
		993625302510A4E7002BF468 /* Release */ = {
			isa = XCBuildConfiguration;
			baseConfigurationReference = 9FF23821A9548B73F345E385 /* Pods-DitCo2Aftryk-DitCo2AftrykUITests.release.xcconfig */;
			buildSettings = {
				ALWAYS_EMBED_SWIFT_STANDARD_LIBRARIES = YES;
				CODE_SIGN_STYLE = Automatic;
				DEVELOPMENT_TEAM = G6TSQJ6DQ5;
				INFOPLIST_FILE = DitCo2AftrykUITests/Info.plist;
				LD_RUNPATH_SEARCH_PATHS = (
					"$(inherited)",
					"@executable_path/Frameworks",
					"@loader_path/Frameworks",
				);
				PRODUCT_BUNDLE_IDENTIFIER = com.snb.DitCo2AftrykUITests;
				PRODUCT_NAME = "$(TARGET_NAME)";
				SWIFT_VERSION = 5.0;
				TARGETED_DEVICE_FAMILY = "1,2";
				TEST_TARGET_NAME = DitCo2Aftryk;
			};
			name = Release;
		};
/* End XCBuildConfiguration section */

/* Begin XCConfigurationList section */
		993624F62510A4E6002BF468 /* Build configuration list for PBXProject "DitCo2Aftryk" */ = {
			isa = XCConfigurationList;
			buildConfigurations = (
				993625262510A4E7002BF468 /* Debug */,
				993625272510A4E7002BF468 /* Release */,
			);
			defaultConfigurationIsVisible = 0;
			defaultConfigurationName = Release;
		};
		993625282510A4E7002BF468 /* Build configuration list for PBXNativeTarget "DitCo2Aftryk" */ = {
			isa = XCConfigurationList;
			buildConfigurations = (
				993625292510A4E7002BF468 /* Debug */,
				9936252A2510A4E7002BF468 /* Release */,
			);
			defaultConfigurationIsVisible = 0;
			defaultConfigurationName = Release;
		};
		9936252B2510A4E7002BF468 /* Build configuration list for PBXNativeTarget "DitCo2AftrykTests" */ = {
			isa = XCConfigurationList;
			buildConfigurations = (
				9936252C2510A4E7002BF468 /* Debug */,
				9936252D2510A4E7002BF468 /* Release */,
			);
			defaultConfigurationIsVisible = 0;
			defaultConfigurationName = Release;
		};
		9936252E2510A4E7002BF468 /* Build configuration list for PBXNativeTarget "DitCo2AftrykUITests" */ = {
			isa = XCConfigurationList;
			buildConfigurations = (
				9936252F2510A4E7002BF468 /* Debug */,
				993625302510A4E7002BF468 /* Release */,
			);
			defaultConfigurationIsVisible = 0;
			defaultConfigurationName = Release;
		};
/* End XCConfigurationList section */

/* Begin XCVersionGroup section */
		993625072510A4E6002BF468 /* DitCo2Aftryk.xcdatamodeld */ = {
			isa = XCVersionGroup;
			children = (
				993625082510A4E6002BF468 /* DitCo2Aftryk.xcdatamodel */,
			);
			currentVersion = 993625082510A4E6002BF468 /* DitCo2Aftryk.xcdatamodel */;
			path = DitCo2Aftryk.xcdatamodeld;
			sourceTree = "<group>";
			versionGroupType = wrapper.xcdatamodel;
		};
/* End XCVersionGroup section */
	};
	rootObject = 993624F32510A4E6002BF468 /* Project object */;
}
